
Microsoft Visual Studio Solution File, Format Version 12.00
# Visual Studio Version 17
VisualStudioVersion = 17.13.35931.197 d17.13
MinimumVisualStudioVersion = 10.0.40219.1
Project("{8BC9CEB8-8B4A-11D0-8D11-00A0C91BC942}") = "Task1", "Task1\Task1.vcxproj", "{C017F4ED-5D26-47A9-B3CB-9B39426CB85D}"
EndProject
Project("{8BC9CEB8-8B4A-11D0-8D11-00A0C91BC942}") = "Task2", "Task2\Task2.vcxproj", "{46514EBC-185B-4F96-A9E6-DD89343A871A}"
EndProject
Project("{8BC9CEB8-8B4A-11D0-8D11-00A0C91BC942}") = "Task3", "Task3\Task3.vcxproj", "{5E5E09F8-623C-4D1B-9937-3A64FF71A0CE}"
EndProject
Global
	GlobalSection(SolutionConfigurationPlatforms) = preSolution
		Debug|x64 = Debug|x64
		Debug|x86 = Debug|x86
		Release|x64 = Release|x64
		Release|x86 = Release|x86
	EndGlobalSection
	GlobalSection(ProjectConfigurationPlatforms) = postSolution
		{C017F4ED-5D26-47A9-B3CB-9B39426CB85D}.Debug|x64.ActiveCfg = Debug|x64
		{C017F4ED-5D26-47A9-B3CB-9B39426CB85D}.Debug|x64.Build.0 = Debug|x64
		{C017F4ED-5D26-47A9-B3CB-9B39426CB85D}.Debug|x86.ActiveCfg = Debug|Win32
		{C017F4ED-5D26-47A9-B3CB-9B39426CB85D}.Debug|x86.Build.0 = Debug|Win32
		{C017F4ED-5D26-47A9-B3CB-9B39426CB85D}.Release|x64.ActiveCfg = Release|x64
		{C017F4ED-5D26-47A9-B3CB-9B39426CB85D}.Release|x64.Build.0 = Release|x64
		{C017F4ED-5D26-47A9-B3CB-9B39426CB85D}.Release|x86.ActiveCfg = Release|Win32
		{C017F4ED-5D26-47A9-B3CB-9B39426CB85D}.Release|x86.Build.0 = Release|Win32
		{46514EBC-185B-4F96-A9E6-DD89343A871A}.Debug|x64.ActiveCfg = Debug|x64
		{46514EBC-185B-4F96-A9E6-DD89343A871A}.Debug|x64.Build.0 = Debug|x64
		{46514EBC-185B-4F96-A9E6-DD89343A871A}.Debug|x86.ActiveCfg = Debug|Win32
		{46514EBC-185B-4F96-A9E6-DD89343A871A}.Debug|x86.Build.0 = Debug|Win32
		{46514EBC-185B-4F96-A9E6-DD89343A871A}.Release|x64.ActiveCfg = Release|x64
		{46514EBC-185B-4F96-A9E6-DD89343A871A}.Release|x64.Build.0 = Release|x64
		{46514EBC-185B-4F96-A9E6-DD89343A871A}.Release|x86.ActiveCfg = Release|Win32
		{46514EBC-185B-4F96-A9E6-DD89343A871A}.Release|x86.Build.0 = Release|Win32
		{5E5E09F8-623C-4D1B-9937-3A64FF71A0CE}.Debug|x64.ActiveCfg = Debug|x64
		{5E5E09F8-623C-4D1B-9937-3A64FF71A0CE}.Debug|x64.Build.0 = Debug|x64
		{5E5E09F8-623C-4D1B-9937-3A64FF71A0CE}.Debug|x86.ActiveCfg = Debug|Win32
		{5E5E09F8-623C-4D1B-9937-3A64FF71A0CE}.Debug|x86.Build.0 = Debug|Win32
		{5E5E09F8-623C-4D1B-9937-3A64FF71A0CE}.Release|x64.ActiveCfg = Release|x64
		{5E5E09F8-623C-4D1B-9937-3A64FF71A0CE}.Release|x64.Build.0 = Release|x64
		{5E5E09F8-623C-4D1B-9937-3A64FF71A0CE}.Release|x86.ActiveCfg = Release|Win32
		{5E5E09F8-623C-4D1B-9937-3A64FF71A0CE}.Release|x86.Build.0 = Release|Win32
	EndGlobalSection
	GlobalSection(SolutionProperties) = preSolution
		HideSolutionNode = FALSE
	EndGlobalSection
	GlobalSection(ExtensibilityGlobals) = postSolution
		SolutionGuid = {263F16FC-B234-4FA6-860D-FAC6338BDD6D}
	EndGlobalSection
EndGlobal
